
Microsoft Visual Studio Solution File, Format Version 12.00
# Visual Studio Version 17
VisualStudioVersion = 17.9.34714.143
MinimumVisualStudioVersion = 10.0.40219.1
Project("{FAE04EC0-301F-11D3-BF4B-00C04F79EFBC}") = "Test", "Test.csproj", "{8A629480-51EF-4212-B4EE-330E8892BF38}"
EndProject
Global
	GlobalSection(SolutionConfigurationPlatforms) = preSolution
		Debug|Any CPU = Debug|Any CPU
		Release|Any CPU = Release|Any CPU
	EndGlobalSection
	GlobalSection(ProjectConfigurationPlatforms) = postSolution
		{8A629480-51EF-4212-B4EE-330E8892BF38}.Debug|Any CPU.ActiveCfg = Debug|Any CPU
		{8A629480-51EF-4212-B4EE-330E8892BF38}.Debug|Any CPU.Build.0 = Debug|Any CPU
		{8A629480-51EF-4212-B4EE-330E8892BF38}.Release|Any CPU.ActiveCfg = Release|Any CPU
		{8A629480-51EF-4212-B4EE-330E8892BF38}.Release|Any CPU.Build.0 = Release|Any CPU
	EndGlobalSection
	GlobalSection(SolutionProperties) = preSolution
		HideSolutionNode = FALSE
	EndGlobalSection
	GlobalSection(ExtensibilityGlobals) = postSolution
		SolutionGuid = {25258C25-BB5B-4157-933C-DD52477E6377}
	EndGlobalSection
EndGlobal
